// !$*UTF8*$!
{
	archiveVersion = 1;
	classes = {
	};
	objectVersion = 56;
	objects = {

/* Begin PBXBuildFile section */
		4C0FF95B2B7ACB4800FB8D39 /* MealCache.swift in Sources */ = {isa = PBXBuildFile; fileRef = 4C0FF95A2B7ACB4800FB8D39 /* MealCache.swift */; };
		4CC440362B72AC290084CB73 /* DessertMealsApp.swift in Sources */ = {isa = PBXBuildFile; fileRef = 4CC440352B72AC290084CB73 /* DessertMealsApp.swift */; };
		4CC4403C2B72AC2A0084CB73 /* Assets.xcassets in Resources */ = {isa = PBXBuildFile; fileRef = 4CC4403B2B72AC2A0084CB73 /* Assets.xcassets */; };
		4CC4403F2B72AC2A0084CB73 /* Preview Assets.xcassets in Resources */ = {isa = PBXBuildFile; fileRef = 4CC4403E2B72AC2A0084CB73 /* Preview Assets.xcassets */; };
		4CC440482B72AFB70084CB73 /* MealDB in Frameworks */ = {isa = PBXBuildFile; productRef = 4CC440472B72AFB70084CB73 /* MealDB */; };
		4CC4404A2B72C8DB0084CB73 /* DessertMealsModel.swift in Sources */ = {isa = PBXBuildFile; fileRef = 4CC440492B72C8DB0084CB73 /* DessertMealsModel.swift */; };
		4CC4404C2B72C9F20084CB73 /* DessertMealsView.swift in Sources */ = {isa = PBXBuildFile; fileRef = 4CC4404B2B72C9F20084CB73 /* DessertMealsView.swift */; };
		4CC4404E2B72CA300084CB73 /* MealDetailView.swift in Sources */ = {isa = PBXBuildFile; fileRef = 4CC4404D2B72CA300084CB73 /* MealDetailView.swift */; };
		4CC440502B72D0F70084CB73 /* WebView.swift in Sources */ = {isa = PBXBuildFile; fileRef = 4CC4404F2B72D0F70084CB73 /* WebView.swift */; };
		4CC440542B72DE7C0084CB73 /* URL+Extension.swift in Sources */ = {isa = PBXBuildFile; fileRef = 4CC440532B72DE7C0084CB73 /* URL+Extension.swift */; };
		4CC440592B72E04F0084CB73 /* MealCell.swift in Sources */ = {isa = PBXBuildFile; fileRef = 4CC440582B72E04F0084CB73 /* MealCell.swift */; };
		4CC4405B2B72E3370084CB73 /* ContentView.swift in Sources */ = {isa = PBXBuildFile; fileRef = 4CC4405A2B72E3370084CB73 /* ContentView.swift */; };
		4CC4405D2B72E4B00084CB73 /* FavoriteMealsList.swift in Sources */ = {isa = PBXBuildFile; fileRef = 4CC4405C2B72E4B00084CB73 /* FavoriteMealsList.swift */; };
/* End PBXBuildFile section */

/* Begin PBXFileReference section */
		4C0FF95A2B7ACB4800FB8D39 /* MealCache.swift */ = {isa = PBXFileReference; lastKnownFileType = sourcecode.swift; path = MealCache.swift; sourceTree = "<group>"; };
		4CC440322B72AC290084CB73 /* DessertMeals.app */ = {isa = PBXFileReference; explicitFileType = wrapper.application; includeInIndex = 0; path = DessertMeals.app; sourceTree = BUILT_PRODUCTS_DIR; };
		4CC440352B72AC290084CB73 /* DessertMealsApp.swift */ = {isa = PBXFileReference; lastKnownFileType = sourcecode.swift; path = DessertMealsApp.swift; sourceTree = "<group>"; };
		4CC4403B2B72AC2A0084CB73 /* Assets.xcassets */ = {isa = PBXFileReference; lastKnownFileType = folder.assetcatalog; path = Assets.xcassets; sourceTree = "<group>"; };
		4CC4403E2B72AC2A0084CB73 /* Preview Assets.xcassets */ = {isa = PBXFileReference; lastKnownFileType = folder.assetcatalog; path = "Preview Assets.xcassets"; sourceTree = "<group>"; };
		4CC440452B72AF7B0084CB73 /* MealDB */ = {isa = PBXFileReference; lastKnownFileType = wrapper; name = MealDB; path = DessertMeals/Packages/MealDB; sourceTree = "<group>"; };
		4CC440492B72C8DB0084CB73 /* DessertMealsModel.swift */ = {isa = PBXFileReference; lastKnownFileType = sourcecode.swift; path = DessertMealsModel.swift; sourceTree = "<group>"; };
		4CC4404B2B72C9F20084CB73 /* DessertMealsView.swift */ = {isa = PBXFileReference; lastKnownFileType = sourcecode.swift; path = DessertMealsView.swift; sourceTree = "<group>"; };
		4CC4404D2B72CA300084CB73 /* MealDetailView.swift */ = {isa = PBXFileReference; lastKnownFileType = sourcecode.swift; path = MealDetailView.swift; sourceTree = "<group>"; };
		4CC4404F2B72D0F70084CB73 /* WebView.swift */ = {isa = PBXFileReference; lastKnownFileType = sourcecode.swift; path = WebView.swift; sourceTree = "<group>"; };
		4CC440532B72DE7C0084CB73 /* URL+Extension.swift */ = {isa = PBXFileReference; lastKnownFileType = sourcecode.swift; path = "URL+Extension.swift"; sourceTree = "<group>"; };
		4CC440582B72E04F0084CB73 /* MealCell.swift */ = {isa = PBXFileReference; lastKnownFileType = sourcecode.swift; path = MealCell.swift; sourceTree = "<group>"; };
		4CC4405A2B72E3370084CB73 /* ContentView.swift */ = {isa = PBXFileReference; lastKnownFileType = sourcecode.swift; path = ContentView.swift; sourceTree = "<group>"; };
		4CC4405C2B72E4B00084CB73 /* FavoriteMealsList.swift */ = {isa = PBXFileReference; lastKnownFileType = sourcecode.swift; path = FavoriteMealsList.swift; sourceTree = "<group>"; };
/* End PBXFileReference section */

/* Begin PBXFrameworksBuildPhase section */
		4CC4402F2B72AC290084CB73 /* Frameworks */ = {
			isa = PBXFrameworksBuildPhase;
			buildActionMask = 2147483647;
			files = (
				4CC440482B72AFB70084CB73 /* MealDB in Frameworks */,
			);
			runOnlyForDeploymentPostprocessing = 0;
		};
/* End PBXFrameworksBuildPhase section */

/* Begin PBXGroup section */
		4CC440292B72AC290084CB73 = {
			isa = PBXGroup;
			children = (
				4CC440452B72AF7B0084CB73 /* MealDB */,
				4CC440342B72AC290084CB73 /* DessertMeals */,
				4CC440332B72AC290084CB73 /* Products */,
				4CC440462B72AFB70084CB73 /* Frameworks */,
			);
			sourceTree = "<group>";
		};
		4CC440332B72AC290084CB73 /* Products */ = {
			isa = PBXGroup;
			children = (
				4CC440322B72AC290084CB73 /* DessertMeals.app */,
			);
			name = Products;
			sourceTree = "<group>";
		};
		4CC440342B72AC290084CB73 /* DessertMeals */ = {
			isa = PBXGroup;
			children = (
				4CC440352B72AC290084CB73 /* DessertMealsApp.swift */,
				4CC4405A2B72E3370084CB73 /* ContentView.swift */,
				4CC4404B2B72C9F20084CB73 /* DessertMealsView.swift */,
				4CC4405C2B72E4B00084CB73 /* FavoriteMealsList.swift */,
				4CC440562B72E01A0084CB73 /* ViewModel */,
				4CC440552B72E0140084CB73 /* Views */,
				4CC440572B72E0370084CB73 /* Utils */,
				4CC4403B2B72AC2A0084CB73 /* Assets.xcassets */,
				4CC4403D2B72AC2A0084CB73 /* Preview Content */,
			);
			path = DessertMeals;
			sourceTree = "<group>";
		};
		4CC4403D2B72AC2A0084CB73 /* Preview Content */ = {
			isa = PBXGroup;
			children = (
				4CC4403E2B72AC2A0084CB73 /* Preview Assets.xcassets */,
			);
			path = "Preview Content";
			sourceTree = "<group>";
		};
		4CC440462B72AFB70084CB73 /* Frameworks */ = {
			isa = PBXGroup;
			children = (
			);
			name = Frameworks;
			sourceTree = "<group>";
		};
		4CC440552B72E0140084CB73 /* Views */ = {
			isa = PBXGroup;
			children = (
				4CC4404D2B72CA300084CB73 /* MealDetailView.swift */,
				4CC440582B72E04F0084CB73 /* MealCell.swift */,
				4CC4404F2B72D0F70084CB73 /* WebView.swift */,
			);
			path = Views;
			sourceTree = "<group>";
		};
		4CC440562B72E01A0084CB73 /* ViewModel */ = {
			isa = PBXGroup;
			children = (
				4C0FF95A2B7ACB4800FB8D39 /* MealCache.swift */,
				4CC440492B72C8DB0084CB73 /* DessertMealsModel.swift */,
			);
			path = ViewModel;
			sourceTree = "<group>";
		};
		4CC440572B72E0370084CB73 /* Utils */ = {
			isa = PBXGroup;
			children = (
				4CC440532B72DE7C0084CB73 /* URL+Extension.swift */,
			);
			path = Utils;
			sourceTree = "<group>";
		};
/* End PBXGroup section */

/* Begin PBXNativeTarget section */
		4CC440312B72AC290084CB73 /* DessertMeals */ = {
			isa = PBXNativeTarget;
			buildConfigurationList = 4CC440422B72AC2A0084CB73 /* Build configuration list for PBXNativeTarget "DessertMeals" */;
			buildPhases = (
				4CC4402E2B72AC290084CB73 /* Sources */,
				4CC4402F2B72AC290084CB73 /* Frameworks */,
				4CC440302B72AC290084CB73 /* Resources */,
			);
			buildRules = (
			);
			dependencies = (
			);
			name = DessertMeals;
			packageProductDependencies = (
				4CC440472B72AFB70084CB73 /* MealDB */,
			);
			productName = DessertMeals;
			productReference = 4CC440322B72AC290084CB73 /* DessertMeals.app */;
			productType = "com.apple.product-type.application";
		};
/* End PBXNativeTarget section */

/* Begin PBXProject section */
		4CC4402A2B72AC290084CB73 /* Project object */ = {
			isa = PBXProject;
			attributes = {
				BuildIndependentTargetsInParallel = 1;
				LastSwiftUpdateCheck = 1520;
				LastUpgradeCheck = 1520;
				TargetAttributes = {
					4CC440312B72AC290084CB73 = {
						CreatedOnToolsVersion = 15.2;
					};
				};
			};
			buildConfigurationList = 4CC4402D2B72AC290084CB73 /* Build configuration list for PBXProject "DessertMeals" */;
			compatibilityVersion = "Xcode 14.0";
			developmentRegion = en;
			hasScannedForEncodings = 0;
			knownRegions = (
				en,
				Base,
			);
			mainGroup = 4CC440292B72AC290084CB73;
			productRefGroup = 4CC440332B72AC290084CB73 /* Products */;
			projectDirPath = "";
			projectRoot = "";
			targets = (
				4CC440312B72AC290084CB73 /* DessertMeals */,
			);
		};
/* End PBXProject section */

/* Begin PBXResourcesBuildPhase section */
		4CC440302B72AC290084CB73 /* Resources */ = {
			isa = PBXResourcesBuildPhase;
			buildActionMask = 2147483647;
			files = (
				4CC4403F2B72AC2A0084CB73 /* Preview Assets.xcassets in Resources */,
				4CC4403C2B72AC2A0084CB73 /* Assets.xcassets in Resources */,
			);
			runOnlyForDeploymentPostprocessing = 0;
		};
/* End PBXResourcesBuildPhase section */

/* Begin PBXSourcesBuildPhase section */
		4CC4402E2B72AC290084CB73 /* Sources */ = {
			isa = PBXSourcesBuildPhase;
			buildActionMask = 2147483647;
			files = (
				4CC440592B72E04F0084CB73 /* MealCell.swift in Sources */,
				4C0FF95B2B7ACB4800FB8D39 /* MealCache.swift in Sources */,
				4CC4404E2B72CA300084CB73 /* MealDetailView.swift in Sources */,
				4CC4404A2B72C8DB0084CB73 /* DessertMealsModel.swift in Sources */,
				4CC4405D2B72E4B00084CB73 /* FavoriteMealsList.swift in Sources */,
				4CC440542B72DE7C0084CB73 /* URL+Extension.swift in Sources */,
				4CC4405B2B72E3370084CB73 /* ContentView.swift in Sources */,
				4CC4404C2B72C9F20084CB73 /* DessertMealsView.swift in Sources */,
				4CC440362B72AC290084CB73 /* DessertMealsApp.swift in Sources */,
				4CC440502B72D0F70084CB73 /* WebView.swift in Sources */,
			);
			runOnlyForDeploymentPostprocessing = 0;
		};
/* End PBXSourcesBuildPhase section */

/* Begin XCBuildConfiguration section */
		4CC440402B72AC2A0084CB73 /* Debug */ = {
			isa = XCBuildConfiguration;
			buildSettings = {
				ALWAYS_SEARCH_USER_PATHS = NO;
				ASSETCATALOG_COMPILER_GENERATE_SWIFT_ASSET_SYMBOL_EXTENSIONS = YES;
				CLANG_ANALYZER_NONNULL = YES;
				CLANG_ANALYZER_NUMBER_OBJECT_CONVERSION = YES_AGGRESSIVE;
				CLANG_CXX_LANGUAGE_STANDARD = "gnu++20";
				CLANG_ENABLE_MODULES = YES;
				CLANG_ENABLE_OBJC_ARC = YES;
				CLANG_ENABLE_OBJC_WEAK = YES;
				CLANG_WARN_BLOCK_CAPTURE_AUTORELEASING = YES;
				CLANG_WARN_BOOL_CONVERSION = YES;
				CLANG_WARN_COMMA = YES;
				CLANG_WARN_CONSTANT_CONVERSION = YES;
				CLANG_WARN_DEPRECATED_OBJC_IMPLEMENTATIONS = YES;
				CLANG_WARN_DIRECT_OBJC_ISA_USAGE = YES_ERROR;
				CLANG_WARN_DOCUMENTATION_COMMENTS = YES;
				CLANG_WARN_EMPTY_BODY = YES;
				CLANG_WARN_ENUM_CONVERSION = YES;
				CLANG_WARN_INFINITE_RECURSION = YES;
				CLANG_WARN_INT_CONVERSION = YES;
				CLANG_WARN_NON_LITERAL_NULL_CONVERSION = YES;
				CLANG_WARN_OBJC_IMPLICIT_RETAIN_SELF = YES;
				CLANG_WARN_OBJC_LITERAL_CONVERSION = YES;
				CLANG_WARN_OBJC_ROOT_CLASS = YES_ERROR;
				CLANG_WARN_QUOTED_INCLUDE_IN_FRAMEWORK_HEADER = YES;
				CLANG_WARN_RANGE_LOOP_ANALYSIS = YES;
				CLANG_WARN_STRICT_PROTOTYPES = YES;
				CLANG_WARN_SUSPICIOUS_MOVE = YES;
				CLANG_WARN_UNGUARDED_AVAILABILITY = YES_AGGRESSIVE;
				CLANG_WARN_UNREACHABLE_CODE = YES;
				CLANG_WARN__DUPLICATE_METHOD_MATCH = YES;
				COPY_PHASE_STRIP = NO;
				DEBUG_INFORMATION_FORMAT = dwarf;
				ENABLE_STRICT_OBJC_MSGSEND = YES;
				ENABLE_TESTABILITY = YES;
				ENABLE_USER_SCRIPT_SANDBOXING = YES;
				GCC_C_LANGUAGE_STANDARD = gnu17;
				GCC_DYNAMIC_NO_PIC = NO;
				GCC_NO_COMMON_BLOCKS = YES;
				GCC_OPTIMIZATION_LEVEL = 0;
				GCC_PREPROCESSOR_DEFINITIONS = (
					"DEBUG=1",
					"$(inherited)",
				);
				GCC_WARN_64_TO_32_BIT_CONVERSION = YES;
				GCC_WARN_ABOUT_RETURN_TYPE = YES_ERROR;
				GCC_WARN_UNDECLARED_SELECTOR = YES;
				GCC_WARN_UNINITIALIZED_AUTOS = YES_AGGRESSIVE;
				GCC_WARN_UNUSED_FUNCTION = YES;
				GCC_WARN_UNUSED_VARIABLE = YES;
				IPHONEOS_DEPLOYMENT_TARGET = 17.2;
				LOCALIZATION_PREFERS_STRING_CATALOGS = YES;
				MTL_ENABLE_DEBUG_INFO = INCLUDE_SOURCE;
				MTL_FAST_MATH = YES;
				ONLY_ACTIVE_ARCH = YES;
				SDKROOT = iphoneos;
				SWIFT_ACTIVE_COMPILATION_CONDITIONS = "DEBUG $(inherited)";
				SWIFT_OPTIMIZATION_LEVEL = "-Onone";
			};
			name = Debug;
		};
		4CC440412B72AC2A0084CB73 /* Release */ = {
			isa = XCBuildConfiguration;
			buildSettings = {
				ALWAYS_SEARCH_USER_PATHS = NO;
				ASSETCATALOG_COMPILER_GENERATE_SWIFT_ASSET_SYMBOL_EXTENSIONS = YES;
				CLANG_ANALYZER_NONNULL = YES;
				CLANG_ANALYZER_NUMBER_OBJECT_CONVERSION = YES_AGGRESSIVE;
				CLANG_CXX_LANGUAGE_STANDARD = "gnu++20";
				CLANG_ENABLE_MODULES = YES;
				CLANG_ENABLE_OBJC_ARC = YES;
				CLANG_ENABLE_OBJC_WEAK = YES;
				CLANG_WARN_BLOCK_CAPTURE_AUTORELEASING = YES;
				CLANG_WARN_BOOL_CONVERSION = YES;
				CLANG_WARN_COMMA = YES;
				CLANG_WARN_CONSTANT_CONVERSION = YES;
				CLANG_WARN_DEPRECATED_OBJC_IMPLEMENTATIONS = YES;
				CLANG_WARN_DIRECT_OBJC_ISA_USAGE = YES_ERROR;
				CLANG_WARN_DOCUMENTATION_COMMENTS = YES;
				CLANG_WARN_EMPTY_BODY = YES;
				CLANG_WARN_ENUM_CONVERSION = YES;
				CLANG_WARN_INFINITE_RECURSION = YES;
				CLANG_WARN_INT_CONVERSION = YES;
				CLANG_WARN_NON_LITERAL_NULL_CONVERSION = YES;
				CLANG_WARN_OBJC_IMPLICIT_RETAIN_SELF = YES;
				CLANG_WARN_OBJC_LITERAL_CONVERSION = YES;
				CLANG_WARN_OBJC_ROOT_CLASS = YES_ERROR;
				CLANG_WARN_QUOTED_INCLUDE_IN_FRAMEWORK_HEADER = YES;
				CLANG_WARN_RANGE_LOOP_ANALYSIS = YES;
				CLANG_WARN_STRICT_PROTOTYPES = YES;
				CLANG_WARN_SUSPICIOUS_MOVE = YES;
				CLANG_WARN_UNGUARDED_AVAILABILITY = YES_AGGRESSIVE;
				CLANG_WARN_UNREACHABLE_CODE = YES;
				CLANG_WARN__DUPLICATE_METHOD_MATCH = YES;
				COPY_PHASE_STRIP = NO;
				DEBUG_INFORMATION_FORMAT = "dwarf-with-dsym";
				ENABLE_NS_ASSERTIONS = NO;
				ENABLE_STRICT_OBJC_MSGSEND = YES;
				ENABLE_USER_SCRIPT_SANDBOXING = YES;
				GCC_C_LANGUAGE_STANDARD = gnu17;
				GCC_NO_COMMON_BLOCKS = YES;
				GCC_WARN_64_TO_32_BIT_CONVERSION = YES;
				GCC_WARN_ABOUT_RETURN_TYPE = YES_ERROR;
				GCC_WARN_UNDECLARED_SELECTOR = YES;
				GCC_WARN_UNINITIALIZED_AUTOS = YES_AGGRESSIVE;
				GCC_WARN_UNUSED_FUNCTION = YES;
				GCC_WARN_UNUSED_VARIABLE = YES;
				IPHONEOS_DEPLOYMENT_TARGET = 17.2;
				LOCALIZATION_PREFERS_STRING_CATALOGS = YES;
				MTL_ENABLE_DEBUG_INFO = NO;
				MTL_FAST_MATH = YES;
				SDKROOT = iphoneos;
				SWIFT_COMPILATION_MODE = wholemodule;
				VALIDATE_PRODUCT = YES;
			};
			name = Release;
		};
		4CC440432B72AC2A0084CB73 /* Debug */ = {
			isa = XCBuildConfiguration;
			buildSettings = {
				ASSETCATALOG_COMPILER_APPICON_NAME = AppIcon;
				ASSETCATALOG_COMPILER_GLOBAL_ACCENT_COLOR_NAME = AccentColor;
				CODE_SIGN_STYLE = Automatic;
				CURRENT_PROJECT_VERSION = 1;
				DEVELOPMENT_ASSET_PATHS = "\"DessertMeals/Preview Content\"";
				DEVELOPMENT_TEAM = X83T84WPSN;
				ENABLE_PREVIEWS = YES;
				GENERATE_INFOPLIST_FILE = YES;
				INFOPLIST_KEY_UIApplicationSceneManifest_Generation = YES;
				INFOPLIST_KEY_UIApplicationSupportsIndirectInputEvents = YES;
				INFOPLIST_KEY_UILaunchScreen_Generation = YES;
				INFOPLIST_KEY_UISupportedInterfaceOrientations_iPad = "UIInterfaceOrientationPortrait UIInterfaceOrientationPortraitUpsideDown UIInterfaceOrientationLandscapeLeft UIInterfaceOrientationLandscapeRight";
				INFOPLIST_KEY_UISupportedInterfaceOrientations_iPhone = "UIInterfaceOrientationPortrait UIInterfaceOrientationLandscapeLeft UIInterfaceOrientationLandscapeRight";
				IPHONEOS_DEPLOYMENT_TARGET = 15.0;
				LD_RUNPATH_SEARCH_PATHS = (
					"$(inherited)",
					"@executable_path/Frameworks",
				);
				MARKETING_VERSION = 1.0;
				PRODUCT_BUNDLE_IDENTIFIER = proj.wilks7.DessertMeals;
				PRODUCT_NAME = "$(TARGET_NAME)";
				SWIFT_EMIT_LOC_STRINGS = YES;
				SWIFT_VERSION = 5.0;
				TARGETED_DEVICE_FAMILY = "1,2";
			};
			name = Debug;
		};
		4CC440442B72AC2A0084CB73 /* Release */ = {
			isa = XCBuildConfiguration;
			buildSettings = {
				ASSETCATALOG_COMPILER_APPICON_NAME = AppIcon;
				ASSETCATALOG_COMPILER_GLOBAL_ACCENT_COLOR_NAME = AccentColor;
				CODE_SIGN_STYLE = Automatic;
				CURRENT_PROJECT_VERSION = 1;
				DEVELOPMENT_ASSET_PATHS = "\"DessertMeals/Preview Content\"";
				DEVELOPMENT_TEAM = X83T84WPSN;
				ENABLE_PREVIEWS = YES;
				GENERATE_INFOPLIST_FILE = YES;
				INFOPLIST_KEY_UIApplicationSceneManifest_Generation = YES;
				INFOPLIST_KEY_UIApplicationSupportsIndirectInputEvents = YES;
				INFOPLIST_KEY_UILaunchScreen_Generation = YES;
				INFOPLIST_KEY_UISupportedInterfaceOrientations_iPad = "UIInterfaceOrientationPortrait UIInterfaceOrientationPortraitUpsideDown UIInterfaceOrientationLandscapeLeft UIInterfaceOrientationLandscapeRight";
				INFOPLIST_KEY_UISupportedInterfaceOrientations_iPhone = "UIInterfaceOrientationPortrait UIInterfaceOrientationLandscapeLeft UIInterfaceOrientationLandscapeRight";
				IPHONEOS_DEPLOYMENT_TARGET = 15.0;
				LD_RUNPATH_SEARCH_PATHS = (
					"$(inherited)",
					"@executable_path/Frameworks",
				);
				MARKETING_VERSION = 1.0;
				PRODUCT_BUNDLE_IDENTIFIER = proj.wilks7.DessertMeals;
				PRODUCT_NAME = "$(TARGET_NAME)";
				SWIFT_EMIT_LOC_STRINGS = YES;
				SWIFT_VERSION = 5.0;
				TARGETED_DEVICE_FAMILY = "1,2";
			};
			name = Release;
		};
/* End XCBuildConfiguration section */

/* Begin XCConfigurationList section */
		4CC4402D2B72AC290084CB73 /* Build configuration list for PBXProject "DessertMeals" */ = {
			isa = XCConfigurationList;
			buildConfigurations = (
				4CC440402B72AC2A0084CB73 /* Debug */,
				4CC440412B72AC2A0084CB73 /* Release */,
			);
			defaultConfigurationIsVisible = 0;
			defaultConfigurationName = Release;
		};
		4CC440422B72AC2A0084CB73 /* Build configuration list for PBXNativeTarget "DessertMeals" */ = {
			isa = XCConfigurationList;
			buildConfigurations = (
				4CC440432B72AC2A0084CB73 /* Debug */,
				4CC440442B72AC2A0084CB73 /* Release */,
			);
			defaultConfigurationIsVisible = 0;
			defaultConfigurationName = Release;
		};
/* End XCConfigurationList section */

/* Begin XCSwiftPackageProductDependency section */
		4CC440472B72AFB70084CB73 /* MealDB */ = {
			isa = XCSwiftPackageProductDependency;
			productName = MealDB;
		};
/* End XCSwiftPackageProductDependency section */
	};
	rootObject = 4CC4402A2B72AC290084CB73 /* Project object */;
}
